
Microsoft Visual Studio Solution File, Format Version 12.00
# Visual Studio Version 17
VisualStudioVersion = 17.1.32328.378
MinimumVisualStudioVersion = 10.0.40219.1
Project("{8BC9CEB8-8B4A-11D0-8D11-00A0C91BC942}") = "chapter5", "chapter5.vcxproj", "{B6914854-242D-4CE6-9A94-2355083102B6}"
EndProject
Global
	GlobalSection(SolutionConfigurationPlatforms) = preSolution
		Debug|x64 = Debug|x64
		Debug|x86 = Debug|x86
		Release|x64 = Release|x64
		Release|x86 = Release|x86
	EndGlobalSection
	GlobalSection(ProjectConfigurationPlatforms) = postSolution
		{B6914854-242D-4CE6-9A94-2355083102B6}.Debug|x64.ActiveCfg = Debug|x64
		{B6914854-242D-4CE6-9A94-2355083102B6}.Debug|x64.Build.0 = Debug|x64
		{B6914854-242D-4CE6-9A94-2355083102B6}.Debug|x86.ActiveCfg = Debug|Win32
		{B6914854-242D-4CE6-9A94-2355083102B6}.Debug|x86.Build.0 = Debug|Win32
		{B6914854-242D-4CE6-9A94-2355083102B6}.Release|x64.ActiveCfg = Release|x64
		{B6914854-242D-4CE6-9A94-2355083102B6}.Release|x64.Build.0 = Release|x64
		{B6914854-242D-4CE6-9A94-2355083102B6}.Release|x86.ActiveCfg = Release|Win32
		{B6914854-242D-4CE6-9A94-2355083102B6}.Release|x86.Build.0 = Release|Win32
	EndGlobalSection
	GlobalSection(SolutionProperties) = preSolution
		HideSolutionNode = FALSE
	EndGlobalSection
	GlobalSection(ExtensibilityGlobals) = postSolution
		SolutionGuid = {A4267805-1FF4-4E8D-B4BD-3123189E980D}
	EndGlobalSection
EndGlobal
